{
  "name": "codereel",
  "version": "0.1.0",
  "lockfileVersion": 3,
  "requires": true,
  "packages": {
    "": {
      "name": "codereel",
      "version": "0.1.0",
      "license": "MIT",
      "bin": {
        "codereel": "bin/codereel.js"
      },
      "engines": {
        "node": ">=20"
      }
    }
  }
}
